
Microsoft Visual Studio Solution File, Format Version 12.00
# Visual Studio 15
VisualStudioVersion = 15.0.28010.2050
MinimumVisualStudioVersion = 10.0.40219.1
Project("{FAE04EC0-301F-11D3-BF4B-00C04F79EFBC}") = "MarketOps.StockData", "MarketOps.StockData\MarketOps.StockData.csproj", "{302B5831-ECE5-4043-A944-1D8814C8F78E}"
EndProject
Project("{FAE04EC0-301F-11D3-BF4B-00C04F79EFBC}") = "MarketOps.StockData.Tests", "MarketOps.StockData.Tests\MarketOps.StockData.Tests.csproj", "{60D54185-3E36-4A12-B740-9E7F5B44D11F}"
EndProject
Project("{FAE04EC0-301F-11D3-BF4B-00C04F79EFBC}") = "MarketOps.DataProvider.Pg", "MarketOps.DataProvider.Pg\MarketOps.DataProvider.Pg.csproj", "{DC50B64A-8C80-4562-B705-ED9C0F850E3C}"
EndProject
Project("{FAE04EC0-301F-11D3-BF4B-00C04F79EFBC}") = "MarketOps.DataProvider.Pq.Tests", "MarketOps.DataProvider.Pq.Tests\MarketOps.DataProvider.Pq.Tests.csproj", "{74A25134-2C7D-4995-8B0F-5C6750FC2C1F}"
EndProject
Project("{FAE04EC0-301F-11D3-BF4B-00C04F79EFBC}") = "MarketOps", "MarketOps\MarketOps.csproj", "{D05DA25A-7C4B-41CC-9214-145F0BD66937}"
EndProject
Project("{FAE04EC0-301F-11D3-BF4B-00C04F79EFBC}") = "MarketOps.Controls", "MarketOps.Controls\MarketOps.Controls.csproj", "{107A7493-BF4D-48FC-AAD4-B9D291FF8011}"
EndProject
Global
	GlobalSection(SolutionConfigurationPlatforms) = preSolution
		Debug|Any CPU = Debug|Any CPU
		Release|Any CPU = Release|Any CPU
	EndGlobalSection
	GlobalSection(ProjectConfigurationPlatforms) = postSolution
		{302B5831-ECE5-4043-A944-1D8814C8F78E}.Debug|Any CPU.ActiveCfg = Debug|Any CPU
		{302B5831-ECE5-4043-A944-1D8814C8F78E}.Debug|Any CPU.Build.0 = Debug|Any CPU
		{302B5831-ECE5-4043-A944-1D8814C8F78E}.Release|Any CPU.ActiveCfg = Release|Any CPU
		{302B5831-ECE5-4043-A944-1D8814C8F78E}.Release|Any CPU.Build.0 = Release|Any CPU
		{60D54185-3E36-4A12-B740-9E7F5B44D11F}.Debug|Any CPU.ActiveCfg = Debug|Any CPU
		{60D54185-3E36-4A12-B740-9E7F5B44D11F}.Debug|Any CPU.Build.0 = Debug|Any CPU
		{60D54185-3E36-4A12-B740-9E7F5B44D11F}.Release|Any CPU.ActiveCfg = Release|Any CPU
		{60D54185-3E36-4A12-B740-9E7F5B44D11F}.Release|Any CPU.Build.0 = Release|Any CPU
		{DC50B64A-8C80-4562-B705-ED9C0F850E3C}.Debug|Any CPU.ActiveCfg = Debug|Any CPU
		{DC50B64A-8C80-4562-B705-ED9C0F850E3C}.Debug|Any CPU.Build.0 = Debug|Any CPU
		{DC50B64A-8C80-4562-B705-ED9C0F850E3C}.Release|Any CPU.ActiveCfg = Release|Any CPU
		{DC50B64A-8C80-4562-B705-ED9C0F850E3C}.Release|Any CPU.Build.0 = Release|Any CPU
		{74A25134-2C7D-4995-8B0F-5C6750FC2C1F}.Debug|Any CPU.ActiveCfg = Debug|Any CPU
		{74A25134-2C7D-4995-8B0F-5C6750FC2C1F}.Debug|Any CPU.Build.0 = Debug|Any CPU
		{74A25134-2C7D-4995-8B0F-5C6750FC2C1F}.Release|Any CPU.ActiveCfg = Release|Any CPU
		{74A25134-2C7D-4995-8B0F-5C6750FC2C1F}.Release|Any CPU.Build.0 = Release|Any CPU
		{D05DA25A-7C4B-41CC-9214-145F0BD66937}.Debug|Any CPU.ActiveCfg = Debug|Any CPU
		{D05DA25A-7C4B-41CC-9214-145F0BD66937}.Debug|Any CPU.Build.0 = Debug|Any CPU
		{D05DA25A-7C4B-41CC-9214-145F0BD66937}.Release|Any CPU.ActiveCfg = Release|Any CPU
		{D05DA25A-7C4B-41CC-9214-145F0BD66937}.Release|Any CPU.Build.0 = Release|Any CPU
		{107A7493-BF4D-48FC-AAD4-B9D291FF8011}.Debug|Any CPU.ActiveCfg = Debug|Any CPU
		{107A7493-BF4D-48FC-AAD4-B9D291FF8011}.Debug|Any CPU.Build.0 = Debug|Any CPU
		{107A7493-BF4D-48FC-AAD4-B9D291FF8011}.Release|Any CPU.ActiveCfg = Release|Any CPU
		{107A7493-BF4D-48FC-AAD4-B9D291FF8011}.Release|Any CPU.Build.0 = Release|Any CPU
	EndGlobalSection
	GlobalSection(SolutionProperties) = preSolution
		HideSolutionNode = FALSE
	EndGlobalSection
	GlobalSection(ExtensibilityGlobals) = postSolution
		SolutionGuid = {6C5FE4ED-EAFC-4FF1-B8D1-3EC9EC72906A}
	EndGlobalSection
EndGlobal
